
Microsoft Visual Studio Solution File, Format Version 12.00
# Visual Studio 2013
VisualStudioVersion = 12.0.30723.0
MinimumVisualStudioVersion = 10.0.40219.1
Project("{FAE04EC0-301F-11D3-BF4B-00C04F79EFBC}") = "BeerFlix.Web", "BeerFlix.Web\BeerFlix.Web.csproj", "{552E9677-5AC5-40F1-BDAE-AAF4E2555792}"
EndProject
Project("{FAE04EC0-301F-11D3-BF4B-00C04F79EFBC}") = "BeerFlix.Data", "BeerFlix.Data\BeerFlix.Data.csproj", "{A8165F51-BBD9-4A17-ADBD-14034F0792AF}"
EndProject
Project("{FAE04EC0-301F-11D3-BF4B-00C04F79EFBC}") = "BeerFlix.Data.Beers", "BeerFlix.Data.Beers\BeerFlix.Data.Beers.csproj", "{50D069C4-FB72-4AC2-AA41-2F8E4EEF375E}"
EndProject
Project("{FAE04EC0-301F-11D3-BF4B-00C04F79EFBC}") = "BeerFlix.Data.Beers.Tests", "BeerFlix.Data.Beers.Tests\BeerFlix.Data.Beers.Tests.csproj", "{C546D61A-89FB-4E48-A55C-57150925C3B5}"
EndProject
Global
	GlobalSection(SolutionConfigurationPlatforms) = preSolution
		Debug|Any CPU = Debug|Any CPU
		Release|Any CPU = Release|Any CPU
	EndGlobalSection
	GlobalSection(ProjectConfigurationPlatforms) = postSolution
		{552E9677-5AC5-40F1-BDAE-AAF4E2555792}.Debug|Any CPU.ActiveCfg = Debug|Any CPU
		{552E9677-5AC5-40F1-BDAE-AAF4E2555792}.Debug|Any CPU.Build.0 = Debug|Any CPU
		{552E9677-5AC5-40F1-BDAE-AAF4E2555792}.Release|Any CPU.ActiveCfg = Release|Any CPU
		{552E9677-5AC5-40F1-BDAE-AAF4E2555792}.Release|Any CPU.Build.0 = Release|Any CPU
		{A8165F51-BBD9-4A17-ADBD-14034F0792AF}.Debug|Any CPU.ActiveCfg = Debug|Any CPU
		{A8165F51-BBD9-4A17-ADBD-14034F0792AF}.Debug|Any CPU.Build.0 = Debug|Any CPU
		{A8165F51-BBD9-4A17-ADBD-14034F0792AF}.Release|Any CPU.ActiveCfg = Release|Any CPU
		{A8165F51-BBD9-4A17-ADBD-14034F0792AF}.Release|Any CPU.Build.0 = Release|Any CPU
		{50D069C4-FB72-4AC2-AA41-2F8E4EEF375E}.Debug|Any CPU.ActiveCfg = Debug|Any CPU
		{50D069C4-FB72-4AC2-AA41-2F8E4EEF375E}.Debug|Any CPU.Build.0 = Debug|Any CPU
		{50D069C4-FB72-4AC2-AA41-2F8E4EEF375E}.Release|Any CPU.ActiveCfg = Release|Any CPU
		{50D069C4-FB72-4AC2-AA41-2F8E4EEF375E}.Release|Any CPU.Build.0 = Release|Any CPU
		{C546D61A-89FB-4E48-A55C-57150925C3B5}.Debug|Any CPU.ActiveCfg = Debug|Any CPU
		{C546D61A-89FB-4E48-A55C-57150925C3B5}.Debug|Any CPU.Build.0 = Debug|Any CPU
		{C546D61A-89FB-4E48-A55C-57150925C3B5}.Release|Any CPU.ActiveCfg = Release|Any CPU
		{C546D61A-89FB-4E48-A55C-57150925C3B5}.Release|Any CPU.Build.0 = Release|Any CPU
	EndGlobalSection
	GlobalSection(SolutionProperties) = preSolution
		HideSolutionNode = FALSE
	EndGlobalSection
EndGlobal
